
Microsoft Visual Studio Solution File, Format Version 12.00
# Visual Studio Version 16
VisualStudioVersion = 16.0.29806.167
MinimumVisualStudioVersion = 10.0.40219.1
Project("{FAE04EC0-301F-11D3-BF4B-00C04F79EFBC}") = "HomeWorkCS2", "HomeWorkCS2\HomeWorkCS2.csproj", "{20580D19-C733-48F4-9A33-08999C3ACEE8}"
EndProject
Project("{2150E333-8FDC-42A3-9474-1A3956D46DE8}") = "Lesson02", "Lesson02", "{B2200073-78CD-4C0B-9628-32A0F47BD239}"
EndProject
Project("{FAE04EC0-301F-11D3-BF4B-00C04F79EFBC}") = "Employes", "Employes\Employes.csproj", "{BA0484E8-F5C3-4DFA-A762-5E1C692783D6}"
EndProject
Global
	GlobalSection(SolutionConfigurationPlatforms) = preSolution
		Debug|Any CPU = Debug|Any CPU
		Release|Any CPU = Release|Any CPU
	EndGlobalSection
	GlobalSection(ProjectConfigurationPlatforms) = postSolution
		{20580D19-C733-48F4-9A33-08999C3ACEE8}.Debug|Any CPU.ActiveCfg = Debug|Any CPU
		{20580D19-C733-48F4-9A33-08999C3ACEE8}.Debug|Any CPU.Build.0 = Debug|Any CPU
		{20580D19-C733-48F4-9A33-08999C3ACEE8}.Release|Any CPU.ActiveCfg = Release|Any CPU
		{20580D19-C733-48F4-9A33-08999C3ACEE8}.Release|Any CPU.Build.0 = Release|Any CPU
		{BA0484E8-F5C3-4DFA-A762-5E1C692783D6}.Debug|Any CPU.ActiveCfg = Debug|Any CPU
		{BA0484E8-F5C3-4DFA-A762-5E1C692783D6}.Debug|Any CPU.Build.0 = Debug|Any CPU
		{BA0484E8-F5C3-4DFA-A762-5E1C692783D6}.Release|Any CPU.ActiveCfg = Release|Any CPU
		{BA0484E8-F5C3-4DFA-A762-5E1C692783D6}.Release|Any CPU.Build.0 = Release|Any CPU
	EndGlobalSection
	GlobalSection(SolutionProperties) = preSolution
		HideSolutionNode = FALSE
	EndGlobalSection
	GlobalSection(NestedProjects) = preSolution
		{BA0484E8-F5C3-4DFA-A762-5E1C692783D6} = {B2200073-78CD-4C0B-9628-32A0F47BD239}
	EndGlobalSection
	GlobalSection(ExtensibilityGlobals) = postSolution
		SolutionGuid = {052C62F4-5E42-4A3D-A8CE-37B6C2726404}
	EndGlobalSection
EndGlobal
